
Microsoft Visual Studio Solution File, Format Version 12.00
# Visual Studio Version 17
VisualStudioVersion = 17.5.33402.96
MinimumVisualStudioVersion = 10.0.40219.1
Project("{FAE04EC0-301F-11D3-BF4B-00C04F79EFBC}") = "CouchBotOSS.Bot", "src\CouchBotOSS.Bot\CouchBotOSS.Bot.csproj", "{68E702EB-6FE4-4CF6-ABCE-B94146EFDF9D}"
EndProject
Project("{FAE04EC0-301F-11D3-BF4B-00C04F79EFBC}") = "CouchBotOSS.Shared", "src\CouchBotOSS.Shared\CouchBotOSS.Shared.csproj", "{898E2349-677A-4716-AB37-B94CFBA8A80B}"
EndProject
Global
	GlobalSection(SolutionConfigurationPlatforms) = preSolution
		Debug|Any CPU = Debug|Any CPU
		Release|Any CPU = Release|Any CPU
	EndGlobalSection
	GlobalSection(ProjectConfigurationPlatforms) = postSolution
		{68E702EB-6FE4-4CF6-ABCE-B94146EFDF9D}.Debug|Any CPU.ActiveCfg = Debug|Any CPU
		{68E702EB-6FE4-4CF6-ABCE-B94146EFDF9D}.Debug|Any CPU.Build.0 = Debug|Any CPU
		{68E702EB-6FE4-4CF6-ABCE-B94146EFDF9D}.Release|Any CPU.ActiveCfg = Release|Any CPU
		{68E702EB-6FE4-4CF6-ABCE-B94146EFDF9D}.Release|Any CPU.Build.0 = Release|Any CPU
		{898E2349-677A-4716-AB37-B94CFBA8A80B}.Debug|Any CPU.ActiveCfg = Debug|Any CPU
		{898E2349-677A-4716-AB37-B94CFBA8A80B}.Debug|Any CPU.Build.0 = Debug|Any CPU
		{898E2349-677A-4716-AB37-B94CFBA8A80B}.Release|Any CPU.ActiveCfg = Release|Any CPU
		{898E2349-677A-4716-AB37-B94CFBA8A80B}.Release|Any CPU.Build.0 = Release|Any CPU
	EndGlobalSection
	GlobalSection(SolutionProperties) = preSolution
		HideSolutionNode = FALSE
	EndGlobalSection
	GlobalSection(ExtensibilityGlobals) = postSolution
		SolutionGuid = {5288ED93-7B68-4156-A75B-1A88EC7062AF}
	EndGlobalSection
EndGlobal
